{
  "name": "npm_asj_test",
  "version": "1.0.0",
  "lockfileVersion": 3,
  "requires": true,
  "packages": {
    "": {
      "name": "npm_asj_test",
      "version": "1.0.0",
      "license": "ISC",
      "dependencies": {
        "@chikirao/ajs": "^1.0.0"
      }
    },
    "node_modules/@chikirao/ajs": {
      "version": "1.0.0",
      "resolved": "https://npm.pkg.github.com/download/@chikirao/ajs/1.0.0/670af514dc32ccf90ca49915021e4144158af7fc",
      "integrity": "sha512-xuJypr39YHbFxcx9TaAbssbHYb+3abslu7DG9kMrcaS4vbln35tuPLLLYL3awvQWk/UsSNI8qdCB5e9PBVcXaQ=="
    }
  }
}
